{
  "pins" : [
    {
      "identity" : "swiftuicolor",
      "kind" : "remoteSourceControl",
      "location" : "https://github.com/p-x9/SwiftUIColor.git",
      "state" : {
        "revision" : "9874820289a4ffbd45f848b8bfdb7529f9881735",
        "version" : "0.2.0"
      }
    }
  ],
  "version" : 2
}
