{
  "pins" : [
    {
      "identity" : "swiftuicolor",
      "kind" : "remoteSourceControl",
      "location" : "https://github.com/p-x9/SwiftUIColor.git",
      "state" : {
        "revision" : "3696e78e84bc140dca6f865c297e1a3b405a882b",
        "version" : "0.0.4"
      }
    }
  ],
  "version" : 2
}
