{
  "pins" : [
    {
      "identity" : "swiftuicolor",
      "kind" : "remoteSourceControl",
      "location" : "https://github.com/p-x9/SwiftUIColor.git",
      "state" : {
        "revision" : "61238f7460a04314dc059df68a1aa4c4b7dcb5df",
        "version" : "0.3.0"
      }
    }
  ],
  "version" : 2
}
